
Microsoft Visual Studio Solution File, Format Version 12.00
# Visual Studio 15
VisualStudioVersion = 15.0.27428.1
MinimumVisualStudioVersion = 10.0.40219.1
Project("{FAE04EC0-301F-11D3-BF4B-00C04F79EFBC}") = "LearningEnumerationTypesAndCollectionsV0.6", "LearningEnumerationTypesAndCollectionsV0.6\LearningEnumerationTypesAndCollectionsV0.6.csproj", "{968C7352-75D6-497F-ABCB-AF68F6A0A2F2}"
EndProject
Global
	GlobalSection(SolutionConfigurationPlatforms) = preSolution
		Debug|Any CPU = Debug|Any CPU
		Release|Any CPU = Release|Any CPU
	EndGlobalSection
	GlobalSection(ProjectConfigurationPlatforms) = postSolution
		{968C7352-75D6-497F-ABCB-AF68F6A0A2F2}.Debug|Any CPU.ActiveCfg = Debug|Any CPU
		{968C7352-75D6-497F-ABCB-AF68F6A0A2F2}.Debug|Any CPU.Build.0 = Debug|Any CPU
		{968C7352-75D6-497F-ABCB-AF68F6A0A2F2}.Release|Any CPU.ActiveCfg = Release|Any CPU
		{968C7352-75D6-497F-ABCB-AF68F6A0A2F2}.Release|Any CPU.Build.0 = Release|Any CPU
	EndGlobalSection
	GlobalSection(SolutionProperties) = preSolution
		HideSolutionNode = FALSE
	EndGlobalSection
	GlobalSection(ExtensibilityGlobals) = postSolution
		SolutionGuid = {4AF9C999-2E4C-4AA9-B58B-E61BB6D332C3}
	EndGlobalSection
EndGlobal
